// !$*UTF8*$!
{
	archiveVersion = 1;
	classes = {
	};
	objectVersion = 55;
	objects = {

/* Begin PBXBuildFile section */
		BC7D0C4B29A8472D00857896 /* FavoriteRoverItem.swift in Sources */ = {isa = PBXBuildFile; fileRef = BC7D0C4A29A8472D00857896 /* FavoriteRoverItem.swift */; };
		BC7D0C5129A877BA00857896 /* NasaImages.xcdatamodeld in Sources */ = {isa = PBXBuildFile; fileRef = BC7D0C4F29A877BA00857896 /* NasaImages.xcdatamodeld */; };
		BCCEE9E829902284008AEE76 /* Assignment2App.swift in Sources */ = {isa = PBXBuildFile; fileRef = BCCEE9E729902284008AEE76 /* Assignment2App.swift */; };
		BCCEE9EA29902284008AEE76 /* SelectImageView.swift in Sources */ = {isa = PBXBuildFile; fileRef = BCCEE9E929902284008AEE76 /* SelectImageView.swift */; };
		BCCEE9EC29902285008AEE76 /* Assets.xcassets in Resources */ = {isa = PBXBuildFile; fileRef = BCCEE9EB29902285008AEE76 /* Assets.xcassets */; };
		BCCEE9EF29902285008AEE76 /* Preview Assets.xcassets in Resources */ = {isa = PBXBuildFile; fileRef = BCCEE9EE29902285008AEE76 /* Preview Assets.xcassets */; };
		BCD4992629A69059008520D4 /* FavoriteImagesView.swift in Sources */ = {isa = PBXBuildFile; fileRef = BCD4992529A69059008520D4 /* FavoriteImagesView.swift */; };
		BCD4992829A6907A008520D4 /* ImageDetailView.swift in Sources */ = {isa = PBXBuildFile; fileRef = BCD4992729A6907A008520D4 /* ImageDetailView.swift */; };
		BCD4993029A6C244008520D4 /* NasaRoverDataController.swift in Sources */ = {isa = PBXBuildFile; fileRef = BCD4992F29A6C244008520D4 /* NasaRoverDataController.swift */; };
		BCECF4C129AACC0700346575 /* FilteredList.swift in Sources */ = {isa = PBXBuildFile; fileRef = BCECF4C029AACC0700346575 /* FilteredList.swift */; };
/* End PBXBuildFile section */

/* Begin PBXFileReference section */
		BC7D0C4A29A8472D00857896 /* FavoriteRoverItem.swift */ = {isa = PBXFileReference; lastKnownFileType = sourcecode.swift; path = FavoriteRoverItem.swift; sourceTree = "<group>"; };
		BC7D0C5029A877BA00857896 /* NasaImages.xcdatamodel */ = {isa = PBXFileReference; lastKnownFileType = wrapper.xcdatamodel; path = NasaImages.xcdatamodel; sourceTree = "<group>"; };
		BCCEE9E429902284008AEE76 /* Assignment2.app */ = {isa = PBXFileReference; explicitFileType = wrapper.application; includeInIndex = 0; path = Assignment2.app; sourceTree = BUILT_PRODUCTS_DIR; };
		BCCEE9E729902284008AEE76 /* Assignment2App.swift */ = {isa = PBXFileReference; lastKnownFileType = sourcecode.swift; path = Assignment2App.swift; sourceTree = "<group>"; };
		BCCEE9E929902284008AEE76 /* SelectImageView.swift */ = {isa = PBXFileReference; lastKnownFileType = sourcecode.swift; path = SelectImageView.swift; sourceTree = "<group>"; };
		BCCEE9EB29902285008AEE76 /* Assets.xcassets */ = {isa = PBXFileReference; lastKnownFileType = folder.assetcatalog; path = Assets.xcassets; sourceTree = "<group>"; };
		BCCEE9EE29902285008AEE76 /* Preview Assets.xcassets */ = {isa = PBXFileReference; lastKnownFileType = folder.assetcatalog; path = "Preview Assets.xcassets"; sourceTree = "<group>"; };
		BCCEE9F5299040E0008AEE76 /* Info.plist */ = {isa = PBXFileReference; lastKnownFileType = text.plist; path = Info.plist; sourceTree = "<group>"; };
		BCD4992529A69059008520D4 /* FavoriteImagesView.swift */ = {isa = PBXFileReference; lastKnownFileType = sourcecode.swift; path = FavoriteImagesView.swift; sourceTree = "<group>"; };
		BCD4992729A6907A008520D4 /* ImageDetailView.swift */ = {isa = PBXFileReference; lastKnownFileType = sourcecode.swift; path = ImageDetailView.swift; sourceTree = "<group>"; };
		BCD4992F29A6C244008520D4 /* NasaRoverDataController.swift */ = {isa = PBXFileReference; lastKnownFileType = sourcecode.swift; path = NasaRoverDataController.swift; sourceTree = "<group>"; };
		BCECF4C029AACC0700346575 /* FilteredList.swift */ = {isa = PBXFileReference; lastKnownFileType = sourcecode.swift; path = FilteredList.swift; sourceTree = "<group>"; };
/* End PBXFileReference section */

/* Begin PBXFrameworksBuildPhase section */
		BCCEE9E129902284008AEE76 /* Frameworks */ = {
			isa = PBXFrameworksBuildPhase;
			buildActionMask = 2147483647;
			files = (
			);
			runOnlyForDeploymentPostprocessing = 0;
		};
/* End PBXFrameworksBuildPhase section */

/* Begin PBXGroup section */
		BCCEE9DB29902284008AEE76 = {
			isa = PBXGroup;
			children = (
				BCCEE9E629902284008AEE76 /* Assignment2 */,
				BCCEE9E529902284008AEE76 /* Products */,
			);
			sourceTree = "<group>";
		};
		BCCEE9E529902284008AEE76 /* Products */ = {
			isa = PBXGroup;
			children = (
				BCCEE9E429902284008AEE76 /* Assignment2.app */,
			);
			name = Products;
			sourceTree = "<group>";
		};
		BCCEE9E629902284008AEE76 /* Assignment2 */ = {
			isa = PBXGroup;
			children = (
				BCCEE9F5299040E0008AEE76 /* Info.plist */,
				BCCEE9E729902284008AEE76 /* Assignment2App.swift */,
				BCD4992F29A6C244008520D4 /* NasaRoverDataController.swift */,
				BC7D0C4F29A877BA00857896 /* NasaImages.xcdatamodeld */,
				BCCEE9E929902284008AEE76 /* SelectImageView.swift */,
				BCCEE9EB29902285008AEE76 /* Assets.xcassets */,
				BCCEE9ED29902285008AEE76 /* Preview Content */,
				BCD4992529A69059008520D4 /* FavoriteImagesView.swift */,
				BC7D0C4A29A8472D00857896 /* FavoriteRoverItem.swift */,
				BCD4992729A6907A008520D4 /* ImageDetailView.swift */,
				BCECF4C029AACC0700346575 /* FilteredList.swift */,
			);
			path = Assignment2;
			sourceTree = "<group>";
		};
		BCCEE9ED29902285008AEE76 /* Preview Content */ = {
			isa = PBXGroup;
			children = (
				BCCEE9EE29902285008AEE76 /* Preview Assets.xcassets */,
			);
			path = "Preview Content";
			sourceTree = "<group>";
		};
/* End PBXGroup section */

/* Begin PBXNativeTarget section */
		BCCEE9E329902284008AEE76 /* Assignment2 */ = {
			isa = PBXNativeTarget;
			buildConfigurationList = BCCEE9F229902285008AEE76 /* Build configuration list for PBXNativeTarget "Assignment2" */;
			buildPhases = (
				BCCEE9E029902284008AEE76 /* Sources */,
				BCCEE9E129902284008AEE76 /* Frameworks */,
				BCCEE9E229902284008AEE76 /* Resources */,
			);
			buildRules = (
			);
			dependencies = (
			);
			name = Assignment2;
			productName = Assignment1;
			productReference = BCCEE9E429902284008AEE76 /* Assignment2.app */;
			productType = "com.apple.product-type.application";
		};
/* End PBXNativeTarget section */

/* Begin PBXProject section */
		BCCEE9DC29902284008AEE76 /* Project object */ = {
			isa = PBXProject;
			attributes = {
				BuildIndependentTargetsInParallel = 1;
				LastSwiftUpdateCheck = 1420;
				LastUpgradeCheck = 1420;
				TargetAttributes = {
					BCCEE9E329902284008AEE76 = {
						CreatedOnToolsVersion = 14.2;
					};
				};
			};
			buildConfigurationList = BCCEE9DF29902284008AEE76 /* Build configuration list for PBXProject "Assignment2" */;
			compatibilityVersion = "Xcode 13.0";
			developmentRegion = en;
			hasScannedForEncodings = 0;
			knownRegions = (
				en,
				Base,
			);
			mainGroup = BCCEE9DB29902284008AEE76;
			productRefGroup = BCCEE9E529902284008AEE76 /* Products */;
			projectDirPath = "";
			projectRoot = "";
			targets = (
				BCCEE9E329902284008AEE76 /* Assignment2 */,
			);
		};
/* End PBXProject section */

/* Begin PBXResourcesBuildPhase section */
		BCCEE9E229902284008AEE76 /* Resources */ = {
			isa = PBXResourcesBuildPhase;
			buildActionMask = 2147483647;
			files = (
				BCCEE9EF29902285008AEE76 /* Preview Assets.xcassets in Resources */,
				BCCEE9EC29902285008AEE76 /* Assets.xcassets in Resources */,
			);
			runOnlyForDeploymentPostprocessing = 0;
		};
/* End PBXResourcesBuildPhase section */

/* Begin PBXSourcesBuildPhase section */
		BCCEE9E029902284008AEE76 /* Sources */ = {
			isa = PBXSourcesBuildPhase;
			buildActionMask = 2147483647;
			files = (
				BCECF4C129AACC0700346575 /* FilteredList.swift in Sources */,
				BC7D0C4B29A8472D00857896 /* FavoriteRoverItem.swift in Sources */,
				BCCEE9EA29902284008AEE76 /* SelectImageView.swift in Sources */,
				BCD4992829A6907A008520D4 /* ImageDetailView.swift in Sources */,
				BC7D0C5129A877BA00857896 /* NasaImages.xcdatamodeld in Sources */,
				BCD4992629A69059008520D4 /* FavoriteImagesView.swift in Sources */,
				BCCEE9E829902284008AEE76 /* Assignment2App.swift in Sources */,
				BCD4993029A6C244008520D4 /* NasaRoverDataController.swift in Sources */,
			);
			runOnlyForDeploymentPostprocessing = 0;
		};
/* End PBXSourcesBuildPhase section */

/* Begin XCBuildConfiguration section */
		BCCEE9F029902285008AEE76 /* Debug */ = {
			isa = XCBuildConfiguration;
			buildSettings = {
				ALWAYS_SEARCH_USER_PATHS = NO;
				CLANG_ANALYZER_NONNULL = YES;
				CLANG_ANALYZER_NUMBER_OBJECT_CONVERSION = YES_AGGRESSIVE;
				CLANG_CXX_LANGUAGE_STANDARD = "gnu++20";
				CLANG_ENABLE_MODULES = YES;
				CLANG_ENABLE_OBJC_ARC = YES;
				CLANG_ENABLE_OBJC_WEAK = YES;
				CLANG_WARN_BLOCK_CAPTURE_AUTORELEASING = YES;
				CLANG_WARN_BOOL_CONVERSION = YES;
				CLANG_WARN_COMMA = YES;
				CLANG_WARN_CONSTANT_CONVERSION = YES;
				CLANG_WARN_DEPRECATED_OBJC_IMPLEMENTATIONS = YES;
				CLANG_WARN_DIRECT_OBJC_ISA_USAGE = YES_ERROR;
				CLANG_WARN_DOCUMENTATION_COMMENTS = YES;
				CLANG_WARN_EMPTY_BODY = YES;
				CLANG_WARN_ENUM_CONVERSION = YES;
				CLANG_WARN_INFINITE_RECURSION = YES;
				CLANG_WARN_INT_CONVERSION = YES;
				CLANG_WARN_NON_LITERAL_NULL_CONVERSION = YES;
				CLANG_WARN_OBJC_IMPLICIT_RETAIN_SELF = YES;
				CLANG_WARN_OBJC_LITERAL_CONVERSION = YES;
				CLANG_WARN_OBJC_ROOT_CLASS = YES_ERROR;
				CLANG_WARN_QUOTED_INCLUDE_IN_FRAMEWORK_HEADER = YES;
				CLANG_WARN_RANGE_LOOP_ANALYSIS = YES;
				CLANG_WARN_STRICT_PROTOTYPES = YES;
				CLANG_WARN_SUSPICIOUS_MOVE = YES;
				CLANG_WARN_UNGUARDED_AVAILABILITY = YES_AGGRESSIVE;
				CLANG_WARN_UNREACHABLE_CODE = YES;
				CLANG_WARN__DUPLICATE_METHOD_MATCH = YES;
				COPY_PHASE_STRIP = NO;
				DEBUG_INFORMATION_FORMAT = dwarf;
				ENABLE_STRICT_OBJC_MSGSEND = YES;
				ENABLE_TESTABILITY = YES;
				GCC_C_LANGUAGE_STANDARD = gnu11;
				GCC_DYNAMIC_NO_PIC = NO;
				GCC_NO_COMMON_BLOCKS = YES;
				GCC_OPTIMIZATION_LEVEL = 0;
				GCC_PREPROCESSOR_DEFINITIONS = (
					"DEBUG=1",
					"$(inherited)",
				);
				GCC_WARN_64_TO_32_BIT_CONVERSION = YES;
				GCC_WARN_ABOUT_RETURN_TYPE = YES_ERROR;
				GCC_WARN_UNDECLARED_SELECTOR = YES;
				GCC_WARN_UNINITIALIZED_AUTOS = YES_AGGRESSIVE;
				GCC_WARN_UNUSED_FUNCTION = YES;
				GCC_WARN_UNUSED_VARIABLE = YES;
				IPHONEOS_DEPLOYMENT_TARGET = 16.2;
				MTL_ENABLE_DEBUG_INFO = INCLUDE_SOURCE;
				MTL_FAST_MATH = YES;
				ONLY_ACTIVE_ARCH = YES;
				SDKROOT = iphoneos;
				SWIFT_ACTIVE_COMPILATION_CONDITIONS = DEBUG;
				SWIFT_OPTIMIZATION_LEVEL = "-Onone";
			};
			name = Debug;
		};
		BCCEE9F129902285008AEE76 /* Release */ = {
			isa = XCBuildConfiguration;
			buildSettings = {
				ALWAYS_SEARCH_USER_PATHS = NO;
				CLANG_ANALYZER_NONNULL = YES;
				CLANG_ANALYZER_NUMBER_OBJECT_CONVERSION = YES_AGGRESSIVE;
				CLANG_CXX_LANGUAGE_STANDARD = "gnu++20";
				CLANG_ENABLE_MODULES = YES;
				CLANG_ENABLE_OBJC_ARC = YES;
				CLANG_ENABLE_OBJC_WEAK = YES;
				CLANG_WARN_BLOCK_CAPTURE_AUTORELEASING = YES;
				CLANG_WARN_BOOL_CONVERSION = YES;
				CLANG_WARN_COMMA = YES;
				CLANG_WARN_CONSTANT_CONVERSION = YES;
				CLANG_WARN_DEPRECATED_OBJC_IMPLEMENTATIONS = YES;
				CLANG_WARN_DIRECT_OBJC_ISA_USAGE = YES_ERROR;
				CLANG_WARN_DOCUMENTATION_COMMENTS = YES;
				CLANG_WARN_EMPTY_BODY = YES;
				CLANG_WARN_ENUM_CONVERSION = YES;
				CLANG_WARN_INFINITE_RECURSION = YES;
				CLANG_WARN_INT_CONVERSION = YES;
				CLANG_WARN_NON_LITERAL_NULL_CONVERSION = YES;
				CLANG_WARN_OBJC_IMPLICIT_RETAIN_SELF = YES;
				CLANG_WARN_OBJC_LITERAL_CONVERSION = YES;
				CLANG_WARN_OBJC_ROOT_CLASS = YES_ERROR;
				CLANG_WARN_QUOTED_INCLUDE_IN_FRAMEWORK_HEADER = YES;
				CLANG_WARN_RANGE_LOOP_ANALYSIS = YES;
				CLANG_WARN_STRICT_PROTOTYPES = YES;
				CLANG_WARN_SUSPICIOUS_MOVE = YES;
				CLANG_WARN_UNGUARDED_AVAILABILITY = YES_AGGRESSIVE;
				CLANG_WARN_UNREACHABLE_CODE = YES;
				CLANG_WARN__DUPLICATE_METHOD_MATCH = YES;
				COPY_PHASE_STRIP = NO;
				DEBUG_INFORMATION_FORMAT = "dwarf-with-dsym";
				ENABLE_NS_ASSERTIONS = NO;
				ENABLE_STRICT_OBJC_MSGSEND = YES;
				GCC_C_LANGUAGE_STANDARD = gnu11;
				GCC_NO_COMMON_BLOCKS = YES;
				GCC_WARN_64_TO_32_BIT_CONVERSION = YES;
				GCC_WARN_ABOUT_RETURN_TYPE = YES_ERROR;
				GCC_WARN_UNDECLARED_SELECTOR = YES;
				GCC_WARN_UNINITIALIZED_AUTOS = YES_AGGRESSIVE;
				GCC_WARN_UNUSED_FUNCTION = YES;
				GCC_WARN_UNUSED_VARIABLE = YES;
				IPHONEOS_DEPLOYMENT_TARGET = 16.2;
				MTL_ENABLE_DEBUG_INFO = NO;
				MTL_FAST_MATH = YES;
				SDKROOT = iphoneos;
				SWIFT_COMPILATION_MODE = wholemodule;
				SWIFT_OPTIMIZATION_LEVEL = "-O";
				VALIDATE_PRODUCT = YES;
			};
			name = Release;
		};
		BCCEE9F329902285008AEE76 /* Debug */ = {
			isa = XCBuildConfiguration;
			buildSettings = {
				ASSETCATALOG_COMPILER_APPICON_NAME = AppIcon;
				ASSETCATALOG_COMPILER_GLOBAL_ACCENT_COLOR_NAME = AccentColor;
				CODE_SIGN_STYLE = Automatic;
				CURRENT_PROJECT_VERSION = 1;
				DEVELOPMENT_ASSET_PATHS = "\"Assignment2/Preview Content\"";
				DEVELOPMENT_TEAM = 4U28CM5B8J;
				ENABLE_PREVIEWS = YES;
				GENERATE_INFOPLIST_FILE = YES;
				INFOPLIST_FILE = Assignment2/Info.plist;
				INFOPLIST_KEY_UIApplicationSupportsIndirectInputEvents = YES;
				INFOPLIST_KEY_UILaunchScreen_Generation = YES;
				INFOPLIST_KEY_UISupportedInterfaceOrientations_iPad = "UIInterfaceOrientationPortrait UIInterfaceOrientationPortraitUpsideDown UIInterfaceOrientationLandscapeLeft UIInterfaceOrientationLandscapeRight";
				INFOPLIST_KEY_UISupportedInterfaceOrientations_iPhone = "UIInterfaceOrientationPortrait UIInterfaceOrientationLandscapeLeft UIInterfaceOrientationLandscapeRight";
				LD_RUNPATH_SEARCH_PATHS = (
					"$(inherited)",
					"@executable_path/Frameworks",
				);
				MARKETING_VERSION = 1.0;
				PRODUCT_BUNDLE_IDENTIFIER = ankit.assn2.Assignment2;
				PRODUCT_NAME = "$(TARGET_NAME)";
				SWIFT_EMIT_LOC_STRINGS = YES;
				SWIFT_VERSION = 5.0;
				TARGETED_DEVICE_FAMILY = "1,2";
			};
			name = Debug;
		};
		BCCEE9F429902285008AEE76 /* Release */ = {
			isa = XCBuildConfiguration;
			buildSettings = {
				ASSETCATALOG_COMPILER_APPICON_NAME = AppIcon;
				ASSETCATALOG_COMPILER_GLOBAL_ACCENT_COLOR_NAME = AccentColor;
				CODE_SIGN_STYLE = Automatic;
				CURRENT_PROJECT_VERSION = 1;
				DEVELOPMENT_ASSET_PATHS = "\"Assignment2/Preview Content\"";
				DEVELOPMENT_TEAM = 4U28CM5B8J;
				ENABLE_PREVIEWS = YES;
				GENERATE_INFOPLIST_FILE = YES;
				INFOPLIST_FILE = Assignment2/Info.plist;
				INFOPLIST_KEY_UIApplicationSupportsIndirectInputEvents = YES;
				INFOPLIST_KEY_UILaunchScreen_Generation = YES;
				INFOPLIST_KEY_UISupportedInterfaceOrientations_iPad = "UIInterfaceOrientationPortrait UIInterfaceOrientationPortraitUpsideDown UIInterfaceOrientationLandscapeLeft UIInterfaceOrientationLandscapeRight";
				INFOPLIST_KEY_UISupportedInterfaceOrientations_iPhone = "UIInterfaceOrientationPortrait UIInterfaceOrientationLandscapeLeft UIInterfaceOrientationLandscapeRight";
				LD_RUNPATH_SEARCH_PATHS = (
					"$(inherited)",
					"@executable_path/Frameworks",
				);
				MARKETING_VERSION = 1.0;
				PRODUCT_BUNDLE_IDENTIFIER = ankit.assn2.Assignment2;
				PRODUCT_NAME = "$(TARGET_NAME)";
				SWIFT_EMIT_LOC_STRINGS = YES;
				SWIFT_VERSION = 5.0;
				TARGETED_DEVICE_FAMILY = "1,2";
			};
			name = Release;
		};
/* End XCBuildConfiguration section */

/* Begin XCConfigurationList section */
		BCCEE9DF29902284008AEE76 /* Build configuration list for PBXProject "Assignment2" */ = {
			isa = XCConfigurationList;
			buildConfigurations = (
				BCCEE9F029902285008AEE76 /* Debug */,
				BCCEE9F129902285008AEE76 /* Release */,
			);
			defaultConfigurationIsVisible = 0;
			defaultConfigurationName = Release;
		};
		BCCEE9F229902285008AEE76 /* Build configuration list for PBXNativeTarget "Assignment2" */ = {
			isa = XCConfigurationList;
			buildConfigurations = (
				BCCEE9F329902285008AEE76 /* Debug */,
				BCCEE9F429902285008AEE76 /* Release */,
			);
			defaultConfigurationIsVisible = 0;
			defaultConfigurationName = Release;
		};
/* End XCConfigurationList section */

/* Begin XCVersionGroup section */
		BC7D0C4F29A877BA00857896 /* NasaImages.xcdatamodeld */ = {
			isa = XCVersionGroup;
			children = (
				BC7D0C5029A877BA00857896 /* NasaImages.xcdatamodel */,
			);
			currentVersion = BC7D0C5029A877BA00857896 /* NasaImages.xcdatamodel */;
			path = NasaImages.xcdatamodeld;
			sourceTree = "<group>";
			versionGroupType = wrapper.xcdatamodel;
		};
/* End XCVersionGroup section */
	};
	rootObject = BCCEE9DC29902284008AEE76 /* Project object */;
}
